{
  "name": "@themepoint/js-cs",
  "version": "1.5.0",
  "lockfileVersion": 2,
  "requires": true,
  "packages": {
    "": {
      "name": "@themepoint/js-cs",
      "version": "1.5.0",
      "license": "MIT",
      "dependencies": {
        "core-js": "3.16.1"
      },
      "bin": {
        "jscs": "bin/jscs.js"
      },
      "devDependencies": {},
      "engines": {
        "node": "^10.19.0 || ^12.0.0 || >=14.0.0"
      }
    },
    "node_modules/core-js": {
      "version": "3.16.1",
      "resolved": "https://registry.npmjs.org/core-js/-/core-js-3.16.1.tgz",
      "integrity": "sha512-AAkP8i35EbefU+JddyWi12AWE9f2N/qr/pwnDtWz4nyUIBGMJPX99ANFFRSw6FefM374lDujdtLDyhN2A/btHw==",
      "hasInstallScript": true,
      "funding": {
        "type": "opencollective",
        "url": "https://opencollective.com/core-js"
      }
    }
  },
  "dependencies": {
    "core-js": {
      "version": "3.16.1",
      "resolved": "https://registry.npmjs.org/core-js/-/core-js-3.16.1.tgz",
      "integrity": "sha512-AAkP8i35EbefU+JddyWi12AWE9f2N/qr/pwnDtWz4nyUIBGMJPX99ANFFRSw6FefM374lDujdtLDyhN2A/btHw=="
    }
  }
}
